
Microsoft Visual Studio Solution File, Format Version 12.00
# Visual Studio Version 17
VisualStudioVersion = 17.7.34031.279
MinimumVisualStudioVersion = 10.0.40219.1
Project("{9A19103F-16F7-4668-BE54-9A1E7A4F7556}") = "TestTask", "Task\TestTask.csproj", "{558F6B64-A489-471C-A570-A12B9356A0B7}"
EndProject
Project("{9A19103F-16F7-4668-BE54-9A1E7A4F7556}") = "TestTask.Tests", "Task.Tests\TestTask.Tests.csproj", "{F7196BA4-293E-459F-8DDC-74FD68ECEA5C}"
EndProject
Global
	GlobalSection(SolutionConfigurationPlatforms) = preSolution
		Debug|Any CPU = Debug|Any CPU
		Release|Any CPU = Release|Any CPU
	EndGlobalSection
	GlobalSection(ProjectConfigurationPlatforms) = postSolution
		{558F6B64-A489-471C-A570-A12B9356A0B7}.Debug|Any CPU.ActiveCfg = Debug|Any CPU
		{558F6B64-A489-471C-A570-A12B9356A0B7}.Debug|Any CPU.Build.0 = Debug|Any CPU
		{558F6B64-A489-471C-A570-A12B9356A0B7}.Release|Any CPU.ActiveCfg = Release|Any CPU
		{558F6B64-A489-471C-A570-A12B9356A0B7}.Release|Any CPU.Build.0 = Release|Any CPU
		{F7196BA4-293E-459F-8DDC-74FD68ECEA5C}.Debug|Any CPU.ActiveCfg = Debug|Any CPU
		{F7196BA4-293E-459F-8DDC-74FD68ECEA5C}.Debug|Any CPU.Build.0 = Debug|Any CPU
		{F7196BA4-293E-459F-8DDC-74FD68ECEA5C}.Release|Any CPU.ActiveCfg = Release|Any CPU
		{F7196BA4-293E-459F-8DDC-74FD68ECEA5C}.Release|Any CPU.Build.0 = Release|Any CPU
	EndGlobalSection
	GlobalSection(SolutionProperties) = preSolution
		HideSolutionNode = FALSE
	EndGlobalSection
EndGlobal
